# This file was autogenerated by Stack.
# You should not edit this file by hand.
# For more information, please see the documentation at:
#   https://docs.haskellstack.org/en/stable/topics/lock_files

packages:
- completed:
    hackage: Agda-2.8.0@sha256:b73b1b6685650d4429074f10440952cecb7aef190a994f75d168c354d20b01a8,34453
    pantry-tree:
      sha256: 7dace5cc1fe5a4f09212dda58392ae29f34bb1382c6eb04cb86514b5f5e2da32
      size: 43914
  original:
    hackage: Agda-2.8.0
snapshots:
- completed:
    sha256: 72cdd5851794184138551f43f0897c28f1a5acdda303b266aa9e910461103b3c
    size: 726784
    url: https://raw.githubusercontent.com/commercialhaskell/stackage-snapshots/master/lts/24/28.yaml
  original: lts-24.28
